{
  "name": "advanced-react",
  "version": "1.0.0",
  "lockfileVersion": 1,
  "requires": true,
  "dependencies": {
    "react-material-card": {
      "version": "0.0.2",
      "resolved": "https://registry.npmjs.org/react-material-card/-/react-material-card-0.0.2.tgz",
      "integrity": "sha1-ClqN03KjLKeEo6ETDVLiFn30m1w="
    }
  }
}
